{
  "name": "aligntype",
  "version": "1.0.0",
  "lockfileVersion": 1,
  "requires": true,
  "dependencies": {
    "filereader": {
      "version": "0.10.3",
      "resolved": "http://192.168.0.45/nexus/repository/npm-group/filereader/-/filereader-0.10.3.tgz",
      "integrity": "sha512-7F8w6GSXuHLN80ukaVOcHgBaiTRHUZr8GeEhNdqfAECcnBoROg4i8hTl+KqtF4yUPffOJVHEFg4iDJb7xIYFng=="
    },
    "fs": {
      "version": "0.0.1-security",
      "resolved": "http://192.168.0.45/nexus/repository/npm-group/fs/-/fs-0.0.1-security.tgz",
      "integrity": "sha512-3XY9e1pP0CVEUCdj5BmfIZxRBTSDycnbqhIOGec9QYtmVH2fbLpj86CFWkrNOkt/Fvty4KZG5lTglL9j/gJ87w=="
    }
  }
}
